
Microsoft Visual Studio Solution File, Format Version 12.00
# Visual Studio Version 17
VisualStudioVersion = 17.6.33829.357
MinimumVisualStudioVersion = 10.0.40219.1
Project("{9A19103F-16F7-4668-BE54-9A1E7A4F7556}") = "API", "API.csproj", "{3471CF2F-EB9E-40D1-B62F-88E32A2140F9}"
EndProject
Global
	GlobalSection(SolutionConfigurationPlatforms) = preSolution
		Debug|Any CPU = Debug|Any CPU
		Release|Any CPU = Release|Any CPU
	EndGlobalSection
	GlobalSection(ProjectConfigurationPlatforms) = postSolution
		{3471CF2F-EB9E-40D1-B62F-88E32A2140F9}.Debug|Any CPU.ActiveCfg = Debug|Any CPU
		{3471CF2F-EB9E-40D1-B62F-88E32A2140F9}.Debug|Any CPU.Build.0 = Debug|Any CPU
		{3471CF2F-EB9E-40D1-B62F-88E32A2140F9}.Release|Any CPU.ActiveCfg = Release|Any CPU
		{3471CF2F-EB9E-40D1-B62F-88E32A2140F9}.Release|Any CPU.Build.0 = Release|Any CPU
	EndGlobalSection
	GlobalSection(SolutionProperties) = preSolution
		HideSolutionNode = FALSE
	EndGlobalSection
	GlobalSection(ExtensibilityGlobals) = postSolution
		SolutionGuid = {66AEB4D4-A3DC-4764-802E-493C5DEC0F3F}
	EndGlobalSection
EndGlobal
